// !$*UTF8*$!
{
	archiveVersion = 1;
	classes = {
	};
	objectVersion = 56;
	objects = {

/* Begin PBXBuildFile section */
		7BFAB10B2C53C1E300C34A58 /* Apple_FrameworksApp.swift in Sources */ = {isa = PBXBuildFile; fileRef = 7BFAB10A2C53C1E300C34A58 /* Apple_FrameworksApp.swift */; };
		7BFAB10D2C53C1E300C34A58 /* FrameworkGridView.swift in Sources */ = {isa = PBXBuildFile; fileRef = 7BFAB10C2C53C1E300C34A58 /* FrameworkGridView.swift */; };
		7BFAB10F2C53C1E500C34A58 /* Assets.xcassets in Resources */ = {isa = PBXBuildFile; fileRef = 7BFAB10E2C53C1E500C34A58 /* Assets.xcassets */; };
		7BFAB1122C53C1E500C34A58 /* Preview Assets.xcassets in Resources */ = {isa = PBXBuildFile; fileRef = 7BFAB1112C53C1E500C34A58 /* Preview Assets.xcassets */; };
		7BFAB1192C53C23400C34A58 /* Framework.swift in Sources */ = {isa = PBXBuildFile; fileRef = 7BFAB1182C53C23400C34A58 /* Framework.swift */; };
		7BFAB11B2C53CB7400C34A58 /* FrameworkDetailView.swift in Sources */ = {isa = PBXBuildFile; fileRef = 7BFAB11A2C53CB7400C34A58 /* FrameworkDetailView.swift */; };
		7BFAB11F2C53CD2400C34A58 /* AFButton.swift in Sources */ = {isa = PBXBuildFile; fileRef = 7BFAB11E2C53CD2400C34A58 /* AFButton.swift */; };
		7BFAB1212C53D56200C34A58 /* FrameworkGridViewModel.swift in Sources */ = {isa = PBXBuildFile; fileRef = 7BFAB1202C53D56200C34A58 /* FrameworkGridViewModel.swift */; };
		7BFAB1232C53E70800C34A58 /* SafariView.swift in Sources */ = {isa = PBXBuildFile; fileRef = 7BFAB1222C53E70800C34A58 /* SafariView.swift */; };
		7BFAB1252C53EB3000C34A58 /* FrameworkTitleView.swift in Sources */ = {isa = PBXBuildFile; fileRef = 7BFAB1242C53EB3000C34A58 /* FrameworkTitleView.swift */; };
		7BFAB1272C53EB8E00C34A58 /* XDismissButton.swift in Sources */ = {isa = PBXBuildFile; fileRef = 7BFAB1262C53EB8E00C34A58 /* XDismissButton.swift */; };
/* End PBXBuildFile section */

/* Begin PBXFileReference section */
		7BFAB1072C53C1E300C34A58 /* Apple Frameworks.app */ = {isa = PBXFileReference; explicitFileType = wrapper.application; includeInIndex = 0; path = "Apple Frameworks.app"; sourceTree = BUILT_PRODUCTS_DIR; };
		7BFAB10A2C53C1E300C34A58 /* Apple_FrameworksApp.swift */ = {isa = PBXFileReference; lastKnownFileType = sourcecode.swift; path = Apple_FrameworksApp.swift; sourceTree = "<group>"; };
		7BFAB10C2C53C1E300C34A58 /* FrameworkGridView.swift */ = {isa = PBXFileReference; lastKnownFileType = sourcecode.swift; path = FrameworkGridView.swift; sourceTree = "<group>"; };
		7BFAB10E2C53C1E500C34A58 /* Assets.xcassets */ = {isa = PBXFileReference; lastKnownFileType = folder.assetcatalog; path = Assets.xcassets; sourceTree = "<group>"; };
		7BFAB1112C53C1E500C34A58 /* Preview Assets.xcassets */ = {isa = PBXFileReference; lastKnownFileType = folder.assetcatalog; path = "Preview Assets.xcassets"; sourceTree = "<group>"; };
		7BFAB1182C53C23400C34A58 /* Framework.swift */ = {isa = PBXFileReference; lastKnownFileType = sourcecode.swift; path = Framework.swift; sourceTree = "<group>"; };
		7BFAB11A2C53CB7400C34A58 /* FrameworkDetailView.swift */ = {isa = PBXFileReference; lastKnownFileType = sourcecode.swift; path = FrameworkDetailView.swift; sourceTree = "<group>"; };
		7BFAB11E2C53CD2400C34A58 /* AFButton.swift */ = {isa = PBXFileReference; lastKnownFileType = sourcecode.swift; path = AFButton.swift; sourceTree = "<group>"; };
		7BFAB1202C53D56200C34A58 /* FrameworkGridViewModel.swift */ = {isa = PBXFileReference; lastKnownFileType = sourcecode.swift; path = FrameworkGridViewModel.swift; sourceTree = "<group>"; };
		7BFAB1222C53E70800C34A58 /* SafariView.swift */ = {isa = PBXFileReference; lastKnownFileType = sourcecode.swift; path = SafariView.swift; sourceTree = "<group>"; };
		7BFAB1242C53EB3000C34A58 /* FrameworkTitleView.swift */ = {isa = PBXFileReference; lastKnownFileType = sourcecode.swift; path = FrameworkTitleView.swift; sourceTree = "<group>"; };
		7BFAB1262C53EB8E00C34A58 /* XDismissButton.swift */ = {isa = PBXFileReference; lastKnownFileType = sourcecode.swift; path = XDismissButton.swift; sourceTree = "<group>"; };
/* End PBXFileReference section */

/* Begin PBXFrameworksBuildPhase section */
		7BFAB1042C53C1E300C34A58 /* Frameworks */ = {
			isa = PBXFrameworksBuildPhase;
			buildActionMask = 2147483647;
			files = (
			);
			runOnlyForDeploymentPostprocessing = 0;
		};
/* End PBXFrameworksBuildPhase section */

/* Begin PBXGroup section */
		7BFAB0FE2C53C1E300C34A58 = {
			isa = PBXGroup;
			children = (
				7BFAB1092C53C1E300C34A58 /* Apple Frameworks */,
				7BFAB1082C53C1E300C34A58 /* Products */,
			);
			sourceTree = "<group>";
		};
		7BFAB1082C53C1E300C34A58 /* Products */ = {
			isa = PBXGroup;
			children = (
				7BFAB1072C53C1E300C34A58 /* Apple Frameworks.app */,
			);
			name = Products;
			sourceTree = "<group>";
		};
		7BFAB1092C53C1E300C34A58 /* Apple Frameworks */ = {
			isa = PBXGroup;
			children = (
				7BFAB10A2C53C1E300C34A58 /* Apple_FrameworksApp.swift */,
				7BFAB12F2C53ED3700C34A58 /* UIKit Components */,
				7BFAB12B2C53ECC700C34A58 /* Model */,
				7BFAB1282C53EC6400C34A58 /* Screens */,
				7BFAB12C2C53ECEF00C34A58 /* Views */,
				7BFAB10E2C53C1E500C34A58 /* Assets.xcassets */,
				7BFAB1102C53C1E500C34A58 /* Preview Content */,
			);
			path = "Apple Frameworks";
			sourceTree = "<group>";
		};
		7BFAB1102C53C1E500C34A58 /* Preview Content */ = {
			isa = PBXGroup;
			children = (
				7BFAB1112C53C1E500C34A58 /* Preview Assets.xcassets */,
			);
			path = "Preview Content";
			sourceTree = "<group>";
		};
		7BFAB1282C53EC6400C34A58 /* Screens */ = {
			isa = PBXGroup;
			children = (
				7BFAB12A2C53EC9F00C34A58 /* FrameworkDetailView */,
				7BFAB1292C53EC7A00C34A58 /* FrameworkGridView */,
			);
			path = Screens;
			sourceTree = "<group>";
		};
		7BFAB1292C53EC7A00C34A58 /* FrameworkGridView */ = {
			isa = PBXGroup;
			children = (
				7BFAB10C2C53C1E300C34A58 /* FrameworkGridView.swift */,
				7BFAB1202C53D56200C34A58 /* FrameworkGridViewModel.swift */,
			);
			path = FrameworkGridView;
			sourceTree = "<group>";
		};
		7BFAB12A2C53EC9F00C34A58 /* FrameworkDetailView */ = {
			isa = PBXGroup;
			children = (
				7BFAB11A2C53CB7400C34A58 /* FrameworkDetailView.swift */,
			);
			path = FrameworkDetailView;
			sourceTree = "<group>";
		};
		7BFAB12B2C53ECC700C34A58 /* Model */ = {
			isa = PBXGroup;
			children = (
				7BFAB1182C53C23400C34A58 /* Framework.swift */,
			);
			path = Model;
			sourceTree = "<group>";
		};
		7BFAB12C2C53ECEF00C34A58 /* Views */ = {
			isa = PBXGroup;
			children = (
				7BFAB12D2C53ECF800C34A58 /* Buttons */,
				7BFAB12E2C53ED0B00C34A58 /* View */,
			);
			path = Views;
			sourceTree = "<group>";
		};
		7BFAB12D2C53ECF800C34A58 /* Buttons */ = {
			isa = PBXGroup;
			children = (
				7BFAB1262C53EB8E00C34A58 /* XDismissButton.swift */,
				7BFAB11E2C53CD2400C34A58 /* AFButton.swift */,
			);
			path = Buttons;
			sourceTree = "<group>";
		};
		7BFAB12E2C53ED0B00C34A58 /* View */ = {
			isa = PBXGroup;
			children = (
				7BFAB1242C53EB3000C34A58 /* FrameworkTitleView.swift */,
			);
			path = View;
			sourceTree = "<group>";
		};
		7BFAB12F2C53ED3700C34A58 /* UIKit Components */ = {
			isa = PBXGroup;
			children = (
				7BFAB1222C53E70800C34A58 /* SafariView.swift */,
			);
			path = "UIKit Components";
			sourceTree = "<group>";
		};
/* End PBXGroup section */

/* Begin PBXNativeTarget section */
		7BFAB1062C53C1E300C34A58 /* Apple Frameworks */ = {
			isa = PBXNativeTarget;
			buildConfigurationList = 7BFAB1152C53C1E500C34A58 /* Build configuration list for PBXNativeTarget "Apple Frameworks" */;
			buildPhases = (
				7BFAB1032C53C1E300C34A58 /* Sources */,
				7BFAB1042C53C1E300C34A58 /* Frameworks */,
				7BFAB1052C53C1E300C34A58 /* Resources */,
			);
			buildRules = (
			);
			dependencies = (
			);
			name = "Apple Frameworks";
			productName = "Apple Frameworks";
			productReference = 7BFAB1072C53C1E300C34A58 /* Apple Frameworks.app */;
			productType = "com.apple.product-type.application";
		};
/* End PBXNativeTarget section */

/* Begin PBXProject section */
		7BFAB0FF2C53C1E300C34A58 /* Project object */ = {
			isa = PBXProject;
			attributes = {
				BuildIndependentTargetsInParallel = 1;
				LastSwiftUpdateCheck = 1540;
				LastUpgradeCheck = 1540;
				TargetAttributes = {
					7BFAB1062C53C1E300C34A58 = {
						CreatedOnToolsVersion = 15.4;
					};
				};
			};
			buildConfigurationList = 7BFAB1022C53C1E300C34A58 /* Build configuration list for PBXProject "Apple Frameworks" */;
			compatibilityVersion = "Xcode 14.0";
			developmentRegion = en;
			hasScannedForEncodings = 0;
			knownRegions = (
				en,
				Base,
			);
			mainGroup = 7BFAB0FE2C53C1E300C34A58;
			productRefGroup = 7BFAB1082C53C1E300C34A58 /* Products */;
			projectDirPath = "";
			projectRoot = "";
			targets = (
				7BFAB1062C53C1E300C34A58 /* Apple Frameworks */,
			);
		};
/* End PBXProject section */

/* Begin PBXResourcesBuildPhase section */
		7BFAB1052C53C1E300C34A58 /* Resources */ = {
			isa = PBXResourcesBuildPhase;
			buildActionMask = 2147483647;
			files = (
				7BFAB1122C53C1E500C34A58 /* Preview Assets.xcassets in Resources */,
				7BFAB10F2C53C1E500C34A58 /* Assets.xcassets in Resources */,
			);
			runOnlyForDeploymentPostprocessing = 0;
		};
/* End PBXResourcesBuildPhase section */

/* Begin PBXSourcesBuildPhase section */
		7BFAB1032C53C1E300C34A58 /* Sources */ = {
			isa = PBXSourcesBuildPhase;
			buildActionMask = 2147483647;
			files = (
				7BFAB11B2C53CB7400C34A58 /* FrameworkDetailView.swift in Sources */,
				7BFAB10D2C53C1E300C34A58 /* FrameworkGridView.swift in Sources */,
				7BFAB1272C53EB8E00C34A58 /* XDismissButton.swift in Sources */,
				7BFAB1192C53C23400C34A58 /* Framework.swift in Sources */,
				7BFAB11F2C53CD2400C34A58 /* AFButton.swift in Sources */,
				7BFAB10B2C53C1E300C34A58 /* Apple_FrameworksApp.swift in Sources */,
				7BFAB1212C53D56200C34A58 /* FrameworkGridViewModel.swift in Sources */,
				7BFAB1252C53EB3000C34A58 /* FrameworkTitleView.swift in Sources */,
				7BFAB1232C53E70800C34A58 /* SafariView.swift in Sources */,
			);
			runOnlyForDeploymentPostprocessing = 0;
		};
/* End PBXSourcesBuildPhase section */

/* Begin XCBuildConfiguration section */
		7BFAB1132C53C1E500C34A58 /* Debug */ = {
			isa = XCBuildConfiguration;
			buildSettings = {
				ALWAYS_SEARCH_USER_PATHS = NO;
				ASSETCATALOG_COMPILER_GENERATE_SWIFT_ASSET_SYMBOL_EXTENSIONS = YES;
				CLANG_ANALYZER_NONNULL = YES;
				CLANG_ANALYZER_NUMBER_OBJECT_CONVERSION = YES_AGGRESSIVE;
				CLANG_CXX_LANGUAGE_STANDARD = "gnu++20";
				CLANG_ENABLE_MODULES = YES;
				CLANG_ENABLE_OBJC_ARC = YES;
				CLANG_ENABLE_OBJC_WEAK = YES;
				CLANG_WARN_BLOCK_CAPTURE_AUTORELEASING = YES;
				CLANG_WARN_BOOL_CONVERSION = YES;
				CLANG_WARN_COMMA = YES;
				CLANG_WARN_CONSTANT_CONVERSION = YES;
				CLANG_WARN_DEPRECATED_OBJC_IMPLEMENTATIONS = YES;
				CLANG_WARN_DIRECT_OBJC_ISA_USAGE = YES_ERROR;
				CLANG_WARN_DOCUMENTATION_COMMENTS = YES;
				CLANG_WARN_EMPTY_BODY = YES;
				CLANG_WARN_ENUM_CONVERSION = YES;
				CLANG_WARN_INFINITE_RECURSION = YES;
				CLANG_WARN_INT_CONVERSION = YES;
				CLANG_WARN_NON_LITERAL_NULL_CONVERSION = YES;
				CLANG_WARN_OBJC_IMPLICIT_RETAIN_SELF = YES;
				CLANG_WARN_OBJC_LITERAL_CONVERSION = YES;
				CLANG_WARN_OBJC_ROOT_CLASS = YES_ERROR;
				CLANG_WARN_QUOTED_INCLUDE_IN_FRAMEWORK_HEADER = YES;
				CLANG_WARN_RANGE_LOOP_ANALYSIS = YES;
				CLANG_WARN_STRICT_PROTOTYPES = YES;
				CLANG_WARN_SUSPICIOUS_MOVE = YES;
				CLANG_WARN_UNGUARDED_AVAILABILITY = YES_AGGRESSIVE;
				CLANG_WARN_UNREACHABLE_CODE = YES;
				CLANG_WARN__DUPLICATE_METHOD_MATCH = YES;
				COPY_PHASE_STRIP = NO;
				DEBUG_INFORMATION_FORMAT = dwarf;
				ENABLE_STRICT_OBJC_MSGSEND = YES;
				ENABLE_TESTABILITY = YES;
				ENABLE_USER_SCRIPT_SANDBOXING = YES;
				GCC_C_LANGUAGE_STANDARD = gnu17;
				GCC_DYNAMIC_NO_PIC = NO;
				GCC_NO_COMMON_BLOCKS = YES;
				GCC_OPTIMIZATION_LEVEL = 0;
				GCC_PREPROCESSOR_DEFINITIONS = (
					"DEBUG=1",
					"$(inherited)",
				);
				GCC_WARN_64_TO_32_BIT_CONVERSION = YES;
				GCC_WARN_ABOUT_RETURN_TYPE = YES_ERROR;
				GCC_WARN_UNDECLARED_SELECTOR = YES;
				GCC_WARN_UNINITIALIZED_AUTOS = YES_AGGRESSIVE;
				GCC_WARN_UNUSED_FUNCTION = YES;
				GCC_WARN_UNUSED_VARIABLE = YES;
				IPHONEOS_DEPLOYMENT_TARGET = 17.5;
				LOCALIZATION_PREFERS_STRING_CATALOGS = YES;
				MTL_ENABLE_DEBUG_INFO = INCLUDE_SOURCE;
				MTL_FAST_MATH = YES;
				ONLY_ACTIVE_ARCH = YES;
				SDKROOT = iphoneos;
				SWIFT_ACTIVE_COMPILATION_CONDITIONS = "DEBUG $(inherited)";
				SWIFT_OPTIMIZATION_LEVEL = "-Onone";
			};
			name = Debug;
		};
		7BFAB1142C53C1E500C34A58 /* Release */ = {
			isa = XCBuildConfiguration;
			buildSettings = {
				ALWAYS_SEARCH_USER_PATHS = NO;
				ASSETCATALOG_COMPILER_GENERATE_SWIFT_ASSET_SYMBOL_EXTENSIONS = YES;
				CLANG_ANALYZER_NONNULL = YES;
				CLANG_ANALYZER_NUMBER_OBJECT_CONVERSION = YES_AGGRESSIVE;
				CLANG_CXX_LANGUAGE_STANDARD = "gnu++20";
				CLANG_ENABLE_MODULES = YES;
				CLANG_ENABLE_OBJC_ARC = YES;
				CLANG_ENABLE_OBJC_WEAK = YES;
				CLANG_WARN_BLOCK_CAPTURE_AUTORELEASING = YES;
				CLANG_WARN_BOOL_CONVERSION = YES;
				CLANG_WARN_COMMA = YES;
				CLANG_WARN_CONSTANT_CONVERSION = YES;
				CLANG_WARN_DEPRECATED_OBJC_IMPLEMENTATIONS = YES;
				CLANG_WARN_DIRECT_OBJC_ISA_USAGE = YES_ERROR;
				CLANG_WARN_DOCUMENTATION_COMMENTS = YES;
				CLANG_WARN_EMPTY_BODY = YES;
				CLANG_WARN_ENUM_CONVERSION = YES;
				CLANG_WARN_INFINITE_RECURSION = YES;
				CLANG_WARN_INT_CONVERSION = YES;
				CLANG_WARN_NON_LITERAL_NULL_CONVERSION = YES;
				CLANG_WARN_OBJC_IMPLICIT_RETAIN_SELF = YES;
				CLANG_WARN_OBJC_LITERAL_CONVERSION = YES;
				CLANG_WARN_OBJC_ROOT_CLASS = YES_ERROR;
				CLANG_WARN_QUOTED_INCLUDE_IN_FRAMEWORK_HEADER = YES;
				CLANG_WARN_RANGE_LOOP_ANALYSIS = YES;
				CLANG_WARN_STRICT_PROTOTYPES = YES;
				CLANG_WARN_SUSPICIOUS_MOVE = YES;
				CLANG_WARN_UNGUARDED_AVAILABILITY = YES_AGGRESSIVE;
				CLANG_WARN_UNREACHABLE_CODE = YES;
				CLANG_WARN__DUPLICATE_METHOD_MATCH = YES;
				COPY_PHASE_STRIP = NO;
				DEBUG_INFORMATION_FORMAT = "dwarf-with-dsym";
				ENABLE_NS_ASSERTIONS = NO;
				ENABLE_STRICT_OBJC_MSGSEND = YES;
				ENABLE_USER_SCRIPT_SANDBOXING = YES;
				GCC_C_LANGUAGE_STANDARD = gnu17;
				GCC_NO_COMMON_BLOCKS = YES;
				GCC_WARN_64_TO_32_BIT_CONVERSION = YES;
				GCC_WARN_ABOUT_RETURN_TYPE = YES_ERROR;
				GCC_WARN_UNDECLARED_SELECTOR = YES;
				GCC_WARN_UNINITIALIZED_AUTOS = YES_AGGRESSIVE;
				GCC_WARN_UNUSED_FUNCTION = YES;
				GCC_WARN_UNUSED_VARIABLE = YES;
				IPHONEOS_DEPLOYMENT_TARGET = 17.5;
				LOCALIZATION_PREFERS_STRING_CATALOGS = YES;
				MTL_ENABLE_DEBUG_INFO = NO;
				MTL_FAST_MATH = YES;
				SDKROOT = iphoneos;
				SWIFT_COMPILATION_MODE = wholemodule;
				VALIDATE_PRODUCT = YES;
			};
			name = Release;
		};
		7BFAB1162C53C1E500C34A58 /* Debug */ = {
			isa = XCBuildConfiguration;
			buildSettings = {
				ASSETCATALOG_COMPILER_APPICON_NAME = AppIcon;
				ASSETCATALOG_COMPILER_GLOBAL_ACCENT_COLOR_NAME = AccentColor;
				CODE_SIGN_STYLE = Automatic;
				CURRENT_PROJECT_VERSION = 1;
				DEVELOPMENT_ASSET_PATHS = "\"Apple Frameworks/Preview Content\"";
				DEVELOPMENT_TEAM = SDD6GS4SZP;
				ENABLE_PREVIEWS = YES;
				GENERATE_INFOPLIST_FILE = YES;
				INFOPLIST_KEY_UIApplicationSceneManifest_Generation = YES;
				INFOPLIST_KEY_UIApplicationSupportsIndirectInputEvents = YES;
				INFOPLIST_KEY_UILaunchScreen_Generation = YES;
				INFOPLIST_KEY_UISupportedInterfaceOrientations_iPad = "UIInterfaceOrientationPortrait UIInterfaceOrientationPortraitUpsideDown UIInterfaceOrientationLandscapeLeft UIInterfaceOrientationLandscapeRight";
				INFOPLIST_KEY_UISupportedInterfaceOrientations_iPhone = "UIInterfaceOrientationPortrait UIInterfaceOrientationLandscapeLeft UIInterfaceOrientationLandscapeRight";
				LD_RUNPATH_SEARCH_PATHS = (
					"$(inherited)",
					"@executable_path/Frameworks",
				);
				MARKETING_VERSION = 1.0;
				PRODUCT_BUNDLE_IDENTIFIER = "evgeniymityulya.Apple-Frameworks";
				PRODUCT_NAME = "$(TARGET_NAME)";
				SWIFT_EMIT_LOC_STRINGS = YES;
				SWIFT_VERSION = 5.0;
				TARGETED_DEVICE_FAMILY = "1,2";
			};
			name = Debug;
		};
		7BFAB1172C53C1E500C34A58 /* Release */ = {
			isa = XCBuildConfiguration;
			buildSettings = {
				ASSETCATALOG_COMPILER_APPICON_NAME = AppIcon;
				ASSETCATALOG_COMPILER_GLOBAL_ACCENT_COLOR_NAME = AccentColor;
				CODE_SIGN_STYLE = Automatic;
				CURRENT_PROJECT_VERSION = 1;
				DEVELOPMENT_ASSET_PATHS = "\"Apple Frameworks/Preview Content\"";
				DEVELOPMENT_TEAM = SDD6GS4SZP;
				ENABLE_PREVIEWS = YES;
				GENERATE_INFOPLIST_FILE = YES;
				INFOPLIST_KEY_UIApplicationSceneManifest_Generation = YES;
				INFOPLIST_KEY_UIApplicationSupportsIndirectInputEvents = YES;
				INFOPLIST_KEY_UILaunchScreen_Generation = YES;
				INFOPLIST_KEY_UISupportedInterfaceOrientations_iPad = "UIInterfaceOrientationPortrait UIInterfaceOrientationPortraitUpsideDown UIInterfaceOrientationLandscapeLeft UIInterfaceOrientationLandscapeRight";
				INFOPLIST_KEY_UISupportedInterfaceOrientations_iPhone = "UIInterfaceOrientationPortrait UIInterfaceOrientationLandscapeLeft UIInterfaceOrientationLandscapeRight";
				LD_RUNPATH_SEARCH_PATHS = (
					"$(inherited)",
					"@executable_path/Frameworks",
				);
				MARKETING_VERSION = 1.0;
				PRODUCT_BUNDLE_IDENTIFIER = "evgeniymityulya.Apple-Frameworks";
				PRODUCT_NAME = "$(TARGET_NAME)";
				SWIFT_EMIT_LOC_STRINGS = YES;
				SWIFT_VERSION = 5.0;
				TARGETED_DEVICE_FAMILY = "1,2";
			};
			name = Release;
		};
/* End XCBuildConfiguration section */

/* Begin XCConfigurationList section */
		7BFAB1022C53C1E300C34A58 /* Build configuration list for PBXProject "Apple Frameworks" */ = {
			isa = XCConfigurationList;
			buildConfigurations = (
				7BFAB1132C53C1E500C34A58 /* Debug */,
				7BFAB1142C53C1E500C34A58 /* Release */,
			);
			defaultConfigurationIsVisible = 0;
			defaultConfigurationName = Release;
		};
		7BFAB1152C53C1E500C34A58 /* Build configuration list for PBXNativeTarget "Apple Frameworks" */ = {
			isa = XCConfigurationList;
			buildConfigurations = (
				7BFAB1162C53C1E500C34A58 /* Debug */,
				7BFAB1172C53C1E500C34A58 /* Release */,
			);
			defaultConfigurationIsVisible = 0;
			defaultConfigurationName = Release;
		};
/* End XCConfigurationList section */
	};
	rootObject = 7BFAB0FF2C53C1E300C34A58 /* Project object */;
}
